
Microsoft Visual Studio Solution File, Format Version 12.00
# Visual Studio Version 17
VisualStudioVersion = 17.3.32929.385
MinimumVisualStudioVersion = 10.0.40219.1
Project("{FAE04EC0-301F-11D3-BF4B-00C04F79EFBC}") = "Simple Weather App", "Simple Weather App\Simple Weather App.csproj", "{1DA29DDF-7849-448F-9B9A-585FECAF9F54}"
EndProject
Global
	GlobalSection(SolutionConfigurationPlatforms) = preSolution
		Debug|Any CPU = Debug|Any CPU
		Release|Any CPU = Release|Any CPU
	EndGlobalSection
	GlobalSection(ProjectConfigurationPlatforms) = postSolution
		{1DA29DDF-7849-448F-9B9A-585FECAF9F54}.Debug|Any CPU.ActiveCfg = Debug|Any CPU
		{1DA29DDF-7849-448F-9B9A-585FECAF9F54}.Debug|Any CPU.Build.0 = Debug|Any CPU
		{1DA29DDF-7849-448F-9B9A-585FECAF9F54}.Release|Any CPU.ActiveCfg = Release|Any CPU
		{1DA29DDF-7849-448F-9B9A-585FECAF9F54}.Release|Any CPU.Build.0 = Release|Any CPU
	EndGlobalSection
	GlobalSection(SolutionProperties) = preSolution
		HideSolutionNode = FALSE
	EndGlobalSection
	GlobalSection(ExtensibilityGlobals) = postSolution
		SolutionGuid = {658F725D-5307-4DCD-B16D-9C8D130B91C3}
	EndGlobalSection
EndGlobal
